{
  "name": "es6-proxy-polyfill",
  "version": "2.0.0",
  "lockfileVersion": 1,
  "requires": true,
  "dependencies": {
    "commander": {
      "version": "2.20.3",
      "resolved": "https://registry.npm.taobao.org/commander/download/commander-2.20.3.tgz?cache=0&sync_timestamp=1583213806330&other_urls=https%3A%2F%2Fregistry.npm.taobao.org%2Fcommander%2Fdownload%2Fcommander-2.20.3.tgz",
      "integrity": "sha1-/UhehMA+tIgcIHIrpIA16FMa6zM=",
      "dev": true
    },
    "source-map": {
      "version": "0.6.1",
      "resolved": "https://registry.npm.taobao.org/source-map/download/source-map-0.6.1.tgz",
      "integrity": "sha1-dHIq8y6WFOnCh6jQu95IteLxomM=",
      "dev": true
    },
    "uglify-js": {
      "version": "3.8.0",
      "resolved": "https://registry.npm.taobao.org/uglify-js/download/uglify-js-3.8.0.tgz?cache=0&sync_timestamp=1582036112063&other_urls=https%3A%2F%2Fregistry.npm.taobao.org%2Fuglify-js%2Fdownload%2Fuglify-js-3.8.0.tgz",
      "integrity": "sha1-81Qa6XsvBI1+fjqk85/YofXXqAU=",
      "dev": true,
      "requires": {
        "commander": "~2.20.3",
        "source-map": "~0.6.1"
      }
    }
  }
}
